
Microsoft Visual Studio Solution File, Format Version 12.00
# Visual Studio Version 17
VisualStudioVersion = 17.4.33122.133
MinimumVisualStudioVersion = 10.0.40219.1
Project("{FAE04EC0-301F-11D3-BF4B-00C04F79EFBC}") = "WordAnalyzer", "WordAnalyzer\WordAnalyzer.csproj", "{D79D9F1C-FBFB-4196-8D02-AEC525B9FC93}"
EndProject
Global
	GlobalSection(SolutionConfigurationPlatforms) = preSolution
		Debug|Any CPU = Debug|Any CPU
		Release|Any CPU = Release|Any CPU
	EndGlobalSection
	GlobalSection(ProjectConfigurationPlatforms) = postSolution
		{D79D9F1C-FBFB-4196-8D02-AEC525B9FC93}.Debug|Any CPU.ActiveCfg = Debug|Any CPU
		{D79D9F1C-FBFB-4196-8D02-AEC525B9FC93}.Debug|Any CPU.Build.0 = Debug|Any CPU
		{D79D9F1C-FBFB-4196-8D02-AEC525B9FC93}.Release|Any CPU.ActiveCfg = Release|Any CPU
		{D79D9F1C-FBFB-4196-8D02-AEC525B9FC93}.Release|Any CPU.Build.0 = Release|Any CPU
	EndGlobalSection
	GlobalSection(SolutionProperties) = preSolution
		HideSolutionNode = FALSE
	EndGlobalSection
	GlobalSection(ExtensibilityGlobals) = postSolution
		SolutionGuid = {0668A2FD-C5D2-46D3-B180-ABD8CC3DE242}
	EndGlobalSection
EndGlobal
